// !$*UTF8*$!
{
	archiveVersion = 1;
	classes = {
	};
	objectVersion = 50;
	objects = {

/* Begin PBXBuildFile section */
		353AF67524094B300006358B /* User.swift in Sources */ = {isa = PBXBuildFile; fileRef = 353AF67424094B300006358B /* User.swift */; };
		357C60B624085DCB00F1EF0F /* AppDelegate.swift in Sources */ = {isa = PBXBuildFile; fileRef = 357C60B524085DCB00F1EF0F /* AppDelegate.swift */; };
		357C60B824085DCB00F1EF0F /* SceneDelegate.swift in Sources */ = {isa = PBXBuildFile; fileRef = 357C60B724085DCB00F1EF0F /* SceneDelegate.swift */; };
		357C60BA24085DCB00F1EF0F /* ContentView.swift in Sources */ = {isa = PBXBuildFile; fileRef = 357C60B924085DCB00F1EF0F /* ContentView.swift */; };
		357C60BC24085DCE00F1EF0F /* Assets.xcassets in Resources */ = {isa = PBXBuildFile; fileRef = 357C60BB24085DCE00F1EF0F /* Assets.xcassets */; };
		357C60BF24085DCE00F1EF0F /* Preview Assets.xcassets in Resources */ = {isa = PBXBuildFile; fileRef = 357C60BE24085DCE00F1EF0F /* Preview Assets.xcassets */; };
		357C60C224085DCE00F1EF0F /* LaunchScreen.storyboard in Resources */ = {isa = PBXBuildFile; fileRef = 357C60C024085DCE00F1EF0F /* LaunchScreen.storyboard */; };
		35A14B66241038D8005A29BD /* UserDetailView.swift in Sources */ = {isa = PBXBuildFile; fileRef = 35A14B65241038D8005A29BD /* UserDetailView.swift */; };
/* End PBXBuildFile section */

/* Begin PBXFileReference section */
		353AF67424094B300006358B /* User.swift */ = {isa = PBXFileReference; lastKnownFileType = sourcecode.swift; path = User.swift; sourceTree = "<group>"; };
		357C60B224085DCB00F1EF0F /* UserFriends.app */ = {isa = PBXFileReference; explicitFileType = wrapper.application; includeInIndex = 0; path = UserFriends.app; sourceTree = BUILT_PRODUCTS_DIR; };
		357C60B524085DCB00F1EF0F /* AppDelegate.swift */ = {isa = PBXFileReference; lastKnownFileType = sourcecode.swift; path = AppDelegate.swift; sourceTree = "<group>"; };
		357C60B724085DCB00F1EF0F /* SceneDelegate.swift */ = {isa = PBXFileReference; lastKnownFileType = sourcecode.swift; path = SceneDelegate.swift; sourceTree = "<group>"; };
		357C60B924085DCB00F1EF0F /* ContentView.swift */ = {isa = PBXFileReference; lastKnownFileType = sourcecode.swift; path = ContentView.swift; sourceTree = "<group>"; };
		357C60BB24085DCE00F1EF0F /* Assets.xcassets */ = {isa = PBXFileReference; lastKnownFileType = folder.assetcatalog; path = Assets.xcassets; sourceTree = "<group>"; };
		357C60BE24085DCE00F1EF0F /* Preview Assets.xcassets */ = {isa = PBXFileReference; lastKnownFileType = folder.assetcatalog; path = "Preview Assets.xcassets"; sourceTree = "<group>"; };
		357C60C124085DCE00F1EF0F /* Base */ = {isa = PBXFileReference; lastKnownFileType = file.storyboard; name = Base; path = Base.lproj/LaunchScreen.storyboard; sourceTree = "<group>"; };
		357C60C324085DCE00F1EF0F /* Info.plist */ = {isa = PBXFileReference; lastKnownFileType = text.plist.xml; path = Info.plist; sourceTree = "<group>"; };
		35A14B65241038D8005A29BD /* UserDetailView.swift */ = {isa = PBXFileReference; lastKnownFileType = sourcecode.swift; path = UserDetailView.swift; sourceTree = "<group>"; };
/* End PBXFileReference section */

/* Begin PBXFrameworksBuildPhase section */
		357C60AF24085DCB00F1EF0F /* Frameworks */ = {
			isa = PBXFrameworksBuildPhase;
			buildActionMask = 2147483647;
			files = (
			);
			runOnlyForDeploymentPostprocessing = 0;
		};
/* End PBXFrameworksBuildPhase section */

/* Begin PBXGroup section */
		357C60A924085DCA00F1EF0F = {
			isa = PBXGroup;
			children = (
				357C60B424085DCB00F1EF0F /* UserFriends */,
				357C60B324085DCB00F1EF0F /* Products */,
			);
			sourceTree = "<group>";
		};
		357C60B324085DCB00F1EF0F /* Products */ = {
			isa = PBXGroup;
			children = (
				357C60B224085DCB00F1EF0F /* UserFriends.app */,
			);
			name = Products;
			sourceTree = "<group>";
		};
		357C60B424085DCB00F1EF0F /* UserFriends */ = {
			isa = PBXGroup;
			children = (
				353AF67424094B300006358B /* User.swift */,
				35A14B65241038D8005A29BD /* UserDetailView.swift */,
				357C60B524085DCB00F1EF0F /* AppDelegate.swift */,
				357C60B724085DCB00F1EF0F /* SceneDelegate.swift */,
				357C60B924085DCB00F1EF0F /* ContentView.swift */,
				357C60BB24085DCE00F1EF0F /* Assets.xcassets */,
				357C60C024085DCE00F1EF0F /* LaunchScreen.storyboard */,
				357C60C324085DCE00F1EF0F /* Info.plist */,
				357C60BD24085DCE00F1EF0F /* Preview Content */,
			);
			path = UserFriends;
			sourceTree = "<group>";
		};
		357C60BD24085DCE00F1EF0F /* Preview Content */ = {
			isa = PBXGroup;
			children = (
				357C60BE24085DCE00F1EF0F /* Preview Assets.xcassets */,
			);
			path = "Preview Content";
			sourceTree = "<group>";
		};
/* End PBXGroup section */

/* Begin PBXNativeTarget section */
		357C60B124085DCB00F1EF0F /* UserFriends */ = {
			isa = PBXNativeTarget;
			buildConfigurationList = 357C60C624085DCE00F1EF0F /* Build configuration list for PBXNativeTarget "UserFriends" */;
			buildPhases = (
				357C60AE24085DCB00F1EF0F /* Sources */,
				357C60AF24085DCB00F1EF0F /* Frameworks */,
				357C60B024085DCB00F1EF0F /* Resources */,
			);
			buildRules = (
			);
			dependencies = (
			);
			name = UserFriends;
			productName = UserFriends;
			productReference = 357C60B224085DCB00F1EF0F /* UserFriends.app */;
			productType = "com.apple.product-type.application";
		};
/* End PBXNativeTarget section */

/* Begin PBXProject section */
		357C60AA24085DCA00F1EF0F /* Project object */ = {
			isa = PBXProject;
			attributes = {
				LastSwiftUpdateCheck = 1130;
				LastUpgradeCheck = 1130;
				ORGANIZATIONNAME = "Dmitry Reshetnik";
				TargetAttributes = {
					357C60B124085DCB00F1EF0F = {
						CreatedOnToolsVersion = 11.3.1;
					};
				};
			};
			buildConfigurationList = 357C60AD24085DCA00F1EF0F /* Build configuration list for PBXProject "UserFriends" */;
			compatibilityVersion = "Xcode 9.3";
			developmentRegion = en;
			hasScannedForEncodings = 0;
			knownRegions = (
				en,
				Base,
			);
			mainGroup = 357C60A924085DCA00F1EF0F;
			productRefGroup = 357C60B324085DCB00F1EF0F /* Products */;
			projectDirPath = "";
			projectRoot = "";
			targets = (
				357C60B124085DCB00F1EF0F /* UserFriends */,
			);
		};
/* End PBXProject section */

/* Begin PBXResourcesBuildPhase section */
		357C60B024085DCB00F1EF0F /* Resources */ = {
			isa = PBXResourcesBuildPhase;
			buildActionMask = 2147483647;
			files = (
				357C60C224085DCE00F1EF0F /* LaunchScreen.storyboard in Resources */,
				357C60BF24085DCE00F1EF0F /* Preview Assets.xcassets in Resources */,
				357C60BC24085DCE00F1EF0F /* Assets.xcassets in Resources */,
			);
			runOnlyForDeploymentPostprocessing = 0;
		};
/* End PBXResourcesBuildPhase section */

/* Begin PBXSourcesBuildPhase section */
		357C60AE24085DCB00F1EF0F /* Sources */ = {
			isa = PBXSourcesBuildPhase;
			buildActionMask = 2147483647;
			files = (
				353AF67524094B300006358B /* User.swift in Sources */,
				357C60B624085DCB00F1EF0F /* AppDelegate.swift in Sources */,
				357C60B824085DCB00F1EF0F /* SceneDelegate.swift in Sources */,
				35A14B66241038D8005A29BD /* UserDetailView.swift in Sources */,
				357C60BA24085DCB00F1EF0F /* ContentView.swift in Sources */,
			);
			runOnlyForDeploymentPostprocessing = 0;
		};
/* End PBXSourcesBuildPhase section */

/* Begin PBXVariantGroup section */
		357C60C024085DCE00F1EF0F /* LaunchScreen.storyboard */ = {
			isa = PBXVariantGroup;
			children = (
				357C60C124085DCE00F1EF0F /* Base */,
			);
			name = LaunchScreen.storyboard;
			sourceTree = "<group>";
		};
/* End PBXVariantGroup section */

/* Begin XCBuildConfiguration section */
		357C60C424085DCE00F1EF0F /* Debug */ = {
			isa = XCBuildConfiguration;
			buildSettings = {
				ALWAYS_SEARCH_USER_PATHS = NO;
				CLANG_ANALYZER_NONNULL = YES;
				CLANG_ANALYZER_NUMBER_OBJECT_CONVERSION = YES_AGGRESSIVE;
				CLANG_CXX_LANGUAGE_STANDARD = "gnu++14";
				CLANG_CXX_LIBRARY = "libc++";
				CLANG_ENABLE_MODULES = YES;
				CLANG_ENABLE_OBJC_ARC = YES;
				CLANG_ENABLE_OBJC_WEAK = YES;
				CLANG_WARN_BLOCK_CAPTURE_AUTORELEASING = YES;
				CLANG_WARN_BOOL_CONVERSION = YES;
				CLANG_WARN_COMMA = YES;
				CLANG_WARN_CONSTANT_CONVERSION = YES;
				CLANG_WARN_DEPRECATED_OBJC_IMPLEMENTATIONS = YES;
				CLANG_WARN_DIRECT_OBJC_ISA_USAGE = YES_ERROR;
				CLANG_WARN_DOCUMENTATION_COMMENTS = YES;
				CLANG_WARN_EMPTY_BODY = YES;
				CLANG_WARN_ENUM_CONVERSION = YES;
				CLANG_WARN_INFINITE_RECURSION = YES;
				CLANG_WARN_INT_CONVERSION = YES;
				CLANG_WARN_NON_LITERAL_NULL_CONVERSION = YES;
				CLANG_WARN_OBJC_IMPLICIT_RETAIN_SELF = YES;
				CLANG_WARN_OBJC_LITERAL_CONVERSION = YES;
				CLANG_WARN_OBJC_ROOT_CLASS = YES_ERROR;
				CLANG_WARN_RANGE_LOOP_ANALYSIS = YES;
				CLANG_WARN_STRICT_PROTOTYPES = YES;
				CLANG_WARN_SUSPICIOUS_MOVE = YES;
				CLANG_WARN_UNGUARDED_AVAILABILITY = YES_AGGRESSIVE;
				CLANG_WARN_UNREACHABLE_CODE = YES;
				CLANG_WARN__DUPLICATE_METHOD_MATCH = YES;
				COPY_PHASE_STRIP = NO;
				DEBUG_INFORMATION_FORMAT = dwarf;
				ENABLE_STRICT_OBJC_MSGSEND = YES;
				ENABLE_TESTABILITY = YES;
				GCC_C_LANGUAGE_STANDARD = gnu11;
				GCC_DYNAMIC_NO_PIC = NO;
				GCC_NO_COMMON_BLOCKS = YES;
				GCC_OPTIMIZATION_LEVEL = 0;
				GCC_PREPROCESSOR_DEFINITIONS = (
					"DEBUG=1",
					"$(inherited)",
				);
				GCC_WARN_64_TO_32_BIT_CONVERSION = YES;
				GCC_WARN_ABOUT_RETURN_TYPE = YES_ERROR;
				GCC_WARN_UNDECLARED_SELECTOR = YES;
				GCC_WARN_UNINITIALIZED_AUTOS = YES_AGGRESSIVE;
				GCC_WARN_UNUSED_FUNCTION = YES;
				GCC_WARN_UNUSED_VARIABLE = YES;
				IPHONEOS_DEPLOYMENT_TARGET = 13.2;
				MTL_ENABLE_DEBUG_INFO = INCLUDE_SOURCE;
				MTL_FAST_MATH = YES;
				ONLY_ACTIVE_ARCH = YES;
				SDKROOT = iphoneos;
				SWIFT_ACTIVE_COMPILATION_CONDITIONS = DEBUG;
				SWIFT_OPTIMIZATION_LEVEL = "-Onone";
			};
			name = Debug;
		};
		357C60C524085DCE00F1EF0F /* Release */ = {
			isa = XCBuildConfiguration;
			buildSettings = {
				ALWAYS_SEARCH_USER_PATHS = NO;
				CLANG_ANALYZER_NONNULL = YES;
				CLANG_ANALYZER_NUMBER_OBJECT_CONVERSION = YES_AGGRESSIVE;
				CLANG_CXX_LANGUAGE_STANDARD = "gnu++14";
				CLANG_CXX_LIBRARY = "libc++";
				CLANG_ENABLE_MODULES = YES;
				CLANG_ENABLE_OBJC_ARC = YES;
				CLANG_ENABLE_OBJC_WEAK = YES;
				CLANG_WARN_BLOCK_CAPTURE_AUTORELEASING = YES;
				CLANG_WARN_BOOL_CONVERSION = YES;
				CLANG_WARN_COMMA = YES;
				CLANG_WARN_CONSTANT_CONVERSION = YES;
				CLANG_WARN_DEPRECATED_OBJC_IMPLEMENTATIONS = YES;
				CLANG_WARN_DIRECT_OBJC_ISA_USAGE = YES_ERROR;
				CLANG_WARN_DOCUMENTATION_COMMENTS = YES;
				CLANG_WARN_EMPTY_BODY = YES;
				CLANG_WARN_ENUM_CONVERSION = YES;
				CLANG_WARN_INFINITE_RECURSION = YES;
				CLANG_WARN_INT_CONVERSION = YES;
				CLANG_WARN_NON_LITERAL_NULL_CONVERSION = YES;
				CLANG_WARN_OBJC_IMPLICIT_RETAIN_SELF = YES;
				CLANG_WARN_OBJC_LITERAL_CONVERSION = YES;
				CLANG_WARN_OBJC_ROOT_CLASS = YES_ERROR;
				CLANG_WARN_RANGE_LOOP_ANALYSIS = YES;
				CLANG_WARN_STRICT_PROTOTYPES = YES;
				CLANG_WARN_SUSPICIOUS_MOVE = YES;
				CLANG_WARN_UNGUARDED_AVAILABILITY = YES_AGGRESSIVE;
				CLANG_WARN_UNREACHABLE_CODE = YES;
				CLANG_WARN__DUPLICATE_METHOD_MATCH = YES;
				COPY_PHASE_STRIP = NO;
				DEBUG_INFORMATION_FORMAT = "dwarf-with-dsym";
				ENABLE_NS_ASSERTIONS = NO;
				ENABLE_STRICT_OBJC_MSGSEND = YES;
				GCC_C_LANGUAGE_STANDARD = gnu11;
				GCC_NO_COMMON_BLOCKS = YES;
				GCC_WARN_64_TO_32_BIT_CONVERSION = YES;
				GCC_WARN_ABOUT_RETURN_TYPE = YES_ERROR;
				GCC_WARN_UNDECLARED_SELECTOR = YES;
				GCC_WARN_UNINITIALIZED_AUTOS = YES_AGGRESSIVE;
				GCC_WARN_UNUSED_FUNCTION = YES;
				GCC_WARN_UNUSED_VARIABLE = YES;
				IPHONEOS_DEPLOYMENT_TARGET = 13.2;
				MTL_ENABLE_DEBUG_INFO = NO;
				MTL_FAST_MATH = YES;
				SDKROOT = iphoneos;
				SWIFT_COMPILATION_MODE = wholemodule;
				SWIFT_OPTIMIZATION_LEVEL = "-O";
				VALIDATE_PRODUCT = YES;
			};
			name = Release;
		};
		357C60C724085DCE00F1EF0F /* Debug */ = {
			isa = XCBuildConfiguration;
			buildSettings = {
				ASSETCATALOG_COMPILER_APPICON_NAME = AppIcon;
				CODE_SIGN_STYLE = Automatic;
				DEVELOPMENT_ASSET_PATHS = "\"UserFriends/Preview Content\"";
				DEVELOPMENT_TEAM = 36JR7N2LBE;
				ENABLE_PREVIEWS = YES;
				INFOPLIST_FILE = UserFriends/Info.plist;
				LD_RUNPATH_SEARCH_PATHS = (
					"$(inherited)",
					"@executable_path/Frameworks",
				);
				PRODUCT_BUNDLE_IDENTIFIER = com.example.stanford.UserFriends;
				PRODUCT_NAME = "$(TARGET_NAME)";
				SWIFT_VERSION = 5.0;
				TARGETED_DEVICE_FAMILY = "1,2";
			};
			name = Debug;
		};
		357C60C824085DCE00F1EF0F /* Release */ = {
			isa = XCBuildConfiguration;
			buildSettings = {
				ASSETCATALOG_COMPILER_APPICON_NAME = AppIcon;
				CODE_SIGN_STYLE = Automatic;
				DEVELOPMENT_ASSET_PATHS = "\"UserFriends/Preview Content\"";
				DEVELOPMENT_TEAM = 36JR7N2LBE;
				ENABLE_PREVIEWS = YES;
				INFOPLIST_FILE = UserFriends/Info.plist;
				LD_RUNPATH_SEARCH_PATHS = (
					"$(inherited)",
					"@executable_path/Frameworks",
				);
				PRODUCT_BUNDLE_IDENTIFIER = com.example.stanford.UserFriends;
				PRODUCT_NAME = "$(TARGET_NAME)";
				SWIFT_VERSION = 5.0;
				TARGETED_DEVICE_FAMILY = "1,2";
			};
			name = Release;
		};
/* End XCBuildConfiguration section */

/* Begin XCConfigurationList section */
		357C60AD24085DCA00F1EF0F /* Build configuration list for PBXProject "UserFriends" */ = {
			isa = XCConfigurationList;
			buildConfigurations = (
				357C60C424085DCE00F1EF0F /* Debug */,
				357C60C524085DCE00F1EF0F /* Release */,
			);
			defaultConfigurationIsVisible = 0;
			defaultConfigurationName = Release;
		};
		357C60C624085DCE00F1EF0F /* Build configuration list for PBXNativeTarget "UserFriends" */ = {
			isa = XCConfigurationList;
			buildConfigurations = (
				357C60C724085DCE00F1EF0F /* Debug */,
				357C60C824085DCE00F1EF0F /* Release */,
			);
			defaultConfigurationIsVisible = 0;
			defaultConfigurationName = Release;
		};
/* End XCConfigurationList section */
	};
	rootObject = 357C60AA24085DCA00F1EF0F /* Project object */;
}
